
Microsoft Visual Studio Solution File, Format Version 12.00
# Visual Studio Version 16
VisualStudioVersion = 16.0.29920.165
MinimumVisualStudioVersion = 10.0.40219.1
Project("{FAE04EC0-301F-11D3-BF4B-00C04F79EFBC}") = "Daniel-Bukvi", "Daniel-Bukvi\Daniel-Bukvi.csproj", "{28F3097A-3B66-49E5-8D22-85E35DB79F1F}"
EndProject
Global
	GlobalSection(SolutionConfigurationPlatforms) = preSolution
		Debug|Any CPU = Debug|Any CPU
		Release|Any CPU = Release|Any CPU
	EndGlobalSection
	GlobalSection(ProjectConfigurationPlatforms) = postSolution
		{28F3097A-3B66-49E5-8D22-85E35DB79F1F}.Debug|Any CPU.ActiveCfg = Debug|Any CPU
		{28F3097A-3B66-49E5-8D22-85E35DB79F1F}.Debug|Any CPU.Build.0 = Debug|Any CPU
		{28F3097A-3B66-49E5-8D22-85E35DB79F1F}.Release|Any CPU.ActiveCfg = Release|Any CPU
		{28F3097A-3B66-49E5-8D22-85E35DB79F1F}.Release|Any CPU.Build.0 = Release|Any CPU
	EndGlobalSection
	GlobalSection(SolutionProperties) = preSolution
		HideSolutionNode = FALSE
	EndGlobalSection
	GlobalSection(ExtensibilityGlobals) = postSolution
		SolutionGuid = {E3413FE5-5820-4556-9490-5ACCD0772697}
	EndGlobalSection
EndGlobal
